
Microsoft Visual Studio Solution File, Format Version 10.00
# Visual C# Express 2008
Project("{FAE04EC0-301F-11D3-BF4B-00C04F79EFBC}") = "libhalftone", "libhalftone\libhalftone.csproj", "{6060254D-77E9-4FE9-84C6-F9AB84A1A39C}"
EndProject
Global
	GlobalSection(SolutionConfigurationPlatforms) = preSolution
		Debug|Any CPU = Debug|Any CPU
		Release|Any CPU = Release|Any CPU
	EndGlobalSection
	GlobalSection(ProjectConfigurationPlatforms) = postSolution
		{6060254D-77E9-4FE9-84C6-F9AB84A1A39C}.Debug|Any CPU.ActiveCfg = Debug|Any CPU
		{6060254D-77E9-4FE9-84C6-F9AB84A1A39C}.Debug|Any CPU.Build.0 = Debug|Any CPU
		{6060254D-77E9-4FE9-84C6-F9AB84A1A39C}.Release|Any CPU.ActiveCfg = Release|Any CPU
		{6060254D-77E9-4FE9-84C6-F9AB84A1A39C}.Release|Any CPU.Build.0 = Release|Any CPU
	EndGlobalSection
	GlobalSection(SolutionProperties) = preSolution
		HideSolutionNode = FALSE
	EndGlobalSection
EndGlobal
